<?xml version="1.0" encoding="utf-8"?>
<Project ToolsVersion="4.0" xmlns="http://schemas.microsoft.com/developer/msbuild/2003">
  <ItemGroup>
    <Filter Include="Interface">
      <UniqueIdentifier>{5e1f201e-d8e5-4384-be28-f7132a112dcb}</UniqueIdentifier>
    </Filter>
  </ItemGroup>
  <ItemGroup>
    <ClInclude Include="FantacyEngine.h">
      <Filter>Interface</Filter>
    </ClInclude>
    <ClInclude Include="EngineSample.h">
      <Filter>Interface</Filter>
    </ClInclude>
    <ClInclude Include="d3dx12.h">
      <Filter>Interface</Filter>
    </ClInclude>
  </ItemGroup>
  <ItemGroup>
    <ClCompile Include="FantacyEngine.cpp">
      <Filter>Interface</Filter>
    </ClCompile>
    <ClCompile Include="EngineSample.cpp">
      <Filter>Interface</Filter>
    </ClCompile>
  </ItemGroup>
</Project>